
Microsoft Visual Studio Solution File, Format Version 12.00
# Visual Studio Version 17
VisualStudioVersion = 17.13.36105.23
MinimumVisualStudioVersion = 10.0.40219.1
Project("{2150E333-8FDC-42A3-9474-1A3956D46DE8}") = "Solution Items", "Solution Items", "{02EA681E-C7D8-13C7-8484-4AC65E1B71E8}"
	ProjectSection(SolutionItems) = preProject
		.editorconfig = .editorconfig
		.gitattributes = .gitattributes
		.gitignore = .gitignore
		azure-pipelines.codecoverage.runsettings = azure-pipelines.codecoverage.runsettings
		azure-pipelines.release.yml = azure-pipelines.release.yml
		azure-pipelines.runsettings = azure-pipelines.runsettings
		azure-pipelines.yml = azure-pipelines.yml
		CODE_OF_CONDUCT.md = CODE_OF_CONDUCT.md
		CONTRIBUTING.md = CONTRIBUTING.md
		Directory.Build.props = Directory.Build.props
		Directory.Build.targets = Directory.Build.targets
		en-US_User.dic = en-US_User.dic
		LICENSE = LICENSE
		README.md = README.md
	EndProjectSection
EndProject
Project("{FAE04EC0-301F-11D3-BF4B-00C04F79EFBC}") = "Atata.NLog", "src\Atata.NLog\Atata.NLog.csproj", "{F60BDCEF-8981-9621-7331-58BDA4F92A8B}"
EndProject
Project("{FAE04EC0-301F-11D3-BF4B-00C04F79EFBC}") = "Atata.NLog.IntegrationTests", "test\Atata.NLog.IntegrationTests\Atata.NLog.IntegrationTests.csproj", "{F925D6FC-9127-2816-78F4-97269979A4F9}"
EndProject
Global
	GlobalSection(SolutionConfigurationPlatforms) = preSolution
		Debug|Any CPU = Debug|Any CPU
		Release|Any CPU = Release|Any CPU
	EndGlobalSection
	GlobalSection(ProjectConfigurationPlatforms) = postSolution
		{F60BDCEF-8981-9621-7331-58BDA4F92A8B}.Debug|Any CPU.ActiveCfg = Debug|Any CPU
		{F60BDCEF-8981-9621-7331-58BDA4F92A8B}.Debug|Any CPU.Build.0 = Debug|Any CPU
		{F60BDCEF-8981-9621-7331-58BDA4F92A8B}.Release|Any CPU.ActiveCfg = Release|Any CPU
		{F60BDCEF-8981-9621-7331-58BDA4F92A8B}.Release|Any CPU.Build.0 = Release|Any CPU
		{F925D6FC-9127-2816-78F4-97269979A4F9}.Debug|Any CPU.ActiveCfg = Debug|Any CPU
		{F925D6FC-9127-2816-78F4-97269979A4F9}.Debug|Any CPU.Build.0 = Debug|Any CPU
		{F925D6FC-9127-2816-78F4-97269979A4F9}.Release|Any CPU.ActiveCfg = Release|Any CPU
		{F925D6FC-9127-2816-78F4-97269979A4F9}.Release|Any CPU.Build.0 = Release|Any CPU
	EndGlobalSection
	GlobalSection(SolutionProperties) = preSolution
		HideSolutionNode = FALSE
	EndGlobalSection
	GlobalSection(ExtensibilityGlobals) = postSolution
		SolutionGuid = {24CB28A8-7510-4088-A8F0-9869E5B53DC5}
	EndGlobalSection
EndGlobal
